
Microsoft Visual Studio Solution File, Format Version 12.00
# Visual Studio Version 16
VisualStudioVersion = 16.0.32126.315
MinimumVisualStudioVersion = 10.0.40219.1
Project("{FAE04EC0-301F-11D3-BF4B-00C04F79EFBC}") = "OnlineShop", "OnlineShop\OnlineShop.csproj", "{D9129098-72A1-4EA8-921F-C93B7F317B1D}"
EndProject
Global
	GlobalSection(SolutionConfigurationPlatforms) = preSolution
		Debug|Any CPU = Debug|Any CPU
		Release|Any CPU = Release|Any CPU
	EndGlobalSection
	GlobalSection(ProjectConfigurationPlatforms) = postSolution
		{D9129098-72A1-4EA8-921F-C93B7F317B1D}.Debug|Any CPU.ActiveCfg = Debug|Any CPU
		{D9129098-72A1-4EA8-921F-C93B7F317B1D}.Debug|Any CPU.Build.0 = Debug|Any CPU
		{D9129098-72A1-4EA8-921F-C93B7F317B1D}.Release|Any CPU.ActiveCfg = Release|Any CPU
		{D9129098-72A1-4EA8-921F-C93B7F317B1D}.Release|Any CPU.Build.0 = Release|Any CPU
	EndGlobalSection
	GlobalSection(SolutionProperties) = preSolution
		HideSolutionNode = FALSE
	EndGlobalSection
	GlobalSection(ExtensibilityGlobals) = postSolution
		SolutionGuid = {3EC3B33E-94CB-448E-BD36-062333CAD5CF}
	EndGlobalSection
EndGlobal
